
Microsoft Visual Studio Solution File, Format Version 12.00
# Visual Studio Version 16
VisualStudioVersion = 16.0.30011.22
MinimumVisualStudioVersion = 10.0.40219.1
Project("{FAE04EC0-301F-11D3-BF4B-00C04F79EFBC}") = "lectia_5_13_2020_ex2", "lectia_5_13_2020_ex2\lectia_5_13_2020_ex2.csproj", "{B92E8998-3228-4DF8-96D3-0964E67F3400}"
EndProject
Global
	GlobalSection(SolutionConfigurationPlatforms) = preSolution
		Debug|Any CPU = Debug|Any CPU
		Release|Any CPU = Release|Any CPU
	EndGlobalSection
	GlobalSection(ProjectConfigurationPlatforms) = postSolution
		{B92E8998-3228-4DF8-96D3-0964E67F3400}.Debug|Any CPU.ActiveCfg = Debug|Any CPU
		{B92E8998-3228-4DF8-96D3-0964E67F3400}.Debug|Any CPU.Build.0 = Debug|Any CPU
		{B92E8998-3228-4DF8-96D3-0964E67F3400}.Release|Any CPU.ActiveCfg = Release|Any CPU
		{B92E8998-3228-4DF8-96D3-0964E67F3400}.Release|Any CPU.Build.0 = Release|Any CPU
	EndGlobalSection
	GlobalSection(SolutionProperties) = preSolution
		HideSolutionNode = FALSE
	EndGlobalSection
	GlobalSection(ExtensibilityGlobals) = postSolution
		SolutionGuid = {EF5EF003-314F-41C3-83CE-D561CBB7F0A3}
	EndGlobalSection
EndGlobal
