
Microsoft Visual Studio Solution File, Format Version 12.00
# Visual Studio Version 16
VisualStudioVersion = 16.0.30320.27
MinimumVisualStudioVersion = 10.0.40219.1
Project("{FAE04EC0-301F-11D3-BF4B-00C04F79EFBC}") = "Euler26", "Euler26\Euler26.csproj", "{1041573A-CF51-4D50-85B6-D77BE2CB6E5F}"
EndProject
Global
	GlobalSection(SolutionConfigurationPlatforms) = preSolution
		Debug|Any CPU = Debug|Any CPU
		Release|Any CPU = Release|Any CPU
	EndGlobalSection
	GlobalSection(ProjectConfigurationPlatforms) = postSolution
		{1041573A-CF51-4D50-85B6-D77BE2CB6E5F}.Debug|Any CPU.ActiveCfg = Debug|Any CPU
		{1041573A-CF51-4D50-85B6-D77BE2CB6E5F}.Debug|Any CPU.Build.0 = Debug|Any CPU
		{1041573A-CF51-4D50-85B6-D77BE2CB6E5F}.Release|Any CPU.ActiveCfg = Release|Any CPU
		{1041573A-CF51-4D50-85B6-D77BE2CB6E5F}.Release|Any CPU.Build.0 = Release|Any CPU
	EndGlobalSection
	GlobalSection(SolutionProperties) = preSolution
		HideSolutionNode = FALSE
	EndGlobalSection
	GlobalSection(ExtensibilityGlobals) = postSolution
		SolutionGuid = {1709043E-60DF-4DC0-814E-7D1C2CDA90E1}
	EndGlobalSection
EndGlobal
