
Microsoft Visual Studio Solution File, Format Version 12.00
# Visual Studio Version 16
VisualStudioVersion = 16.0.30011.22
MinimumVisualStudioVersion = 10.0.40219.1
Project("{FAE04EC0-301F-11D3-BF4B-00C04F79EFBC}") = "Lectia12", "Lectia12\Lectia12.csproj", "{DE901848-8929-44A1-A236-FE65FF784A12}"
EndProject
Global
	GlobalSection(SolutionConfigurationPlatforms) = preSolution
		Debug|Any CPU = Debug|Any CPU
		Release|Any CPU = Release|Any CPU
	EndGlobalSection
	GlobalSection(ProjectConfigurationPlatforms) = postSolution
		{DE901848-8929-44A1-A236-FE65FF784A12}.Debug|Any CPU.ActiveCfg = Debug|Any CPU
		{DE901848-8929-44A1-A236-FE65FF784A12}.Debug|Any CPU.Build.0 = Debug|Any CPU
		{DE901848-8929-44A1-A236-FE65FF784A12}.Release|Any CPU.ActiveCfg = Release|Any CPU
		{DE901848-8929-44A1-A236-FE65FF784A12}.Release|Any CPU.Build.0 = Release|Any CPU
	EndGlobalSection
	GlobalSection(SolutionProperties) = preSolution
		HideSolutionNode = FALSE
	EndGlobalSection
	GlobalSection(ExtensibilityGlobals) = postSolution
		SolutionGuid = {14200D5D-818F-4429-9081-B37C7F5710EB}
	EndGlobalSection
EndGlobal
