
Microsoft Visual Studio Solution File, Format Version 12.00
# Visual Studio Version 16
VisualStudioVersion = 16.0.30011.22
MinimumVisualStudioVersion = 10.0.40219.1
Project("{FAE04EC0-301F-11D3-BF4B-00C04F79EFBC}") = "HW_2", "HW_2\HW_2.csproj", "{43275444-3F0E-4C7E-ABA8-601A1ED272EB}"
EndProject
Global
	GlobalSection(SolutionConfigurationPlatforms) = preSolution
		Debug|Any CPU = Debug|Any CPU
		Release|Any CPU = Release|Any CPU
	EndGlobalSection
	GlobalSection(ProjectConfigurationPlatforms) = postSolution
		{43275444-3F0E-4C7E-ABA8-601A1ED272EB}.Debug|Any CPU.ActiveCfg = Debug|Any CPU
		{43275444-3F0E-4C7E-ABA8-601A1ED272EB}.Debug|Any CPU.Build.0 = Debug|Any CPU
		{43275444-3F0E-4C7E-ABA8-601A1ED272EB}.Release|Any CPU.ActiveCfg = Release|Any CPU
		{43275444-3F0E-4C7E-ABA8-601A1ED272EB}.Release|Any CPU.Build.0 = Release|Any CPU
	EndGlobalSection
	GlobalSection(SolutionProperties) = preSolution
		HideSolutionNode = FALSE
	EndGlobalSection
	GlobalSection(ExtensibilityGlobals) = postSolution
		SolutionGuid = {53F74CF3-1BA6-4512-A808-898E63877190}
	EndGlobalSection
EndGlobal
