
Microsoft Visual Studio Solution File, Format Version 12.00
# Visual Studio Version 16
VisualStudioVersion = 16.0.30011.22
MinimumVisualStudioVersion = 10.0.40219.1
Project("{FAE04EC0-301F-11D3-BF4B-00C04F79EFBC}") = "Euler15", "Euler15\Euler15.csproj", "{91E9EAA6-2704-4B3D-B70E-91EE7DF24E17}"
EndProject
Global
	GlobalSection(SolutionConfigurationPlatforms) = preSolution
		Debug|Any CPU = Debug|Any CPU
		Release|Any CPU = Release|Any CPU
	EndGlobalSection
	GlobalSection(ProjectConfigurationPlatforms) = postSolution
		{91E9EAA6-2704-4B3D-B70E-91EE7DF24E17}.Debug|Any CPU.ActiveCfg = Debug|Any CPU
		{91E9EAA6-2704-4B3D-B70E-91EE7DF24E17}.Debug|Any CPU.Build.0 = Debug|Any CPU
		{91E9EAA6-2704-4B3D-B70E-91EE7DF24E17}.Release|Any CPU.ActiveCfg = Release|Any CPU
		{91E9EAA6-2704-4B3D-B70E-91EE7DF24E17}.Release|Any CPU.Build.0 = Release|Any CPU
	EndGlobalSection
	GlobalSection(SolutionProperties) = preSolution
		HideSolutionNode = FALSE
	EndGlobalSection
	GlobalSection(ExtensibilityGlobals) = postSolution
		SolutionGuid = {A03C10BB-1CF9-4AFD-9B27-C4788B9A1058}
	EndGlobalSection
EndGlobal
