
Microsoft Visual Studio Solution File, Format Version 12.00
# Visual Studio Version 16
VisualStudioVersion = 16.0.30320.27
MinimumVisualStudioVersion = 10.0.40219.1
Project("{FAE04EC0-301F-11D3-BF4B-00C04F79EFBC}") = "Euler33", "Euler33\Euler33.csproj", "{F0B3EF41-EA63-488F-B2F4-E4C2E858312D}"
EndProject
Global
	GlobalSection(SolutionConfigurationPlatforms) = preSolution
		Debug|Any CPU = Debug|Any CPU
		Release|Any CPU = Release|Any CPU
	EndGlobalSection
	GlobalSection(ProjectConfigurationPlatforms) = postSolution
		{F0B3EF41-EA63-488F-B2F4-E4C2E858312D}.Debug|Any CPU.ActiveCfg = Debug|Any CPU
		{F0B3EF41-EA63-488F-B2F4-E4C2E858312D}.Debug|Any CPU.Build.0 = Debug|Any CPU
		{F0B3EF41-EA63-488F-B2F4-E4C2E858312D}.Release|Any CPU.ActiveCfg = Release|Any CPU
		{F0B3EF41-EA63-488F-B2F4-E4C2E858312D}.Release|Any CPU.Build.0 = Release|Any CPU
	EndGlobalSection
	GlobalSection(SolutionProperties) = preSolution
		HideSolutionNode = FALSE
	EndGlobalSection
	GlobalSection(ExtensibilityGlobals) = postSolution
		SolutionGuid = {F73A8A39-2A97-46D9-ABA5-6C17631E15E9}
	EndGlobalSection
EndGlobal
