
Microsoft Visual Studio Solution File, Format Version 12.00
# Visual Studio Version 16
VisualStudioVersion = 16.0.30320.27
MinimumVisualStudioVersion = 10.0.40219.1
Project("{FAE04EC0-301F-11D3-BF4B-00C04F79EFBC}") = "Euler23", "Euler23\Euler23.csproj", "{3E0CC235-8DEF-44BC-8B62-490B442413D4}"
EndProject
Global
	GlobalSection(SolutionConfigurationPlatforms) = preSolution
		Debug|Any CPU = Debug|Any CPU
		Release|Any CPU = Release|Any CPU
	EndGlobalSection
	GlobalSection(ProjectConfigurationPlatforms) = postSolution
		{3E0CC235-8DEF-44BC-8B62-490B442413D4}.Debug|Any CPU.ActiveCfg = Debug|Any CPU
		{3E0CC235-8DEF-44BC-8B62-490B442413D4}.Debug|Any CPU.Build.0 = Debug|Any CPU
		{3E0CC235-8DEF-44BC-8B62-490B442413D4}.Release|Any CPU.ActiveCfg = Release|Any CPU
		{3E0CC235-8DEF-44BC-8B62-490B442413D4}.Release|Any CPU.Build.0 = Release|Any CPU
	EndGlobalSection
	GlobalSection(SolutionProperties) = preSolution
		HideSolutionNode = FALSE
	EndGlobalSection
	GlobalSection(ExtensibilityGlobals) = postSolution
		SolutionGuid = {06CC3C58-2DAE-4D5B-A63D-BB1B23F03B55}
	EndGlobalSection
EndGlobal
