
Microsoft Visual Studio Solution File, Format Version 12.00
# Visual Studio Version 16
VisualStudioVersion = 16.0.30320.27
MinimumVisualStudioVersion = 10.0.40219.1
Project("{FAE04EC0-301F-11D3-BF4B-00C04F79EFBC}") = "Euler39", "Euler39\Euler39.csproj", "{A1CB7A20-6B7D-42A7-BCAD-F09DA69F7687}"
EndProject
Global
	GlobalSection(SolutionConfigurationPlatforms) = preSolution
		Debug|Any CPU = Debug|Any CPU
		Release|Any CPU = Release|Any CPU
	EndGlobalSection
	GlobalSection(ProjectConfigurationPlatforms) = postSolution
		{A1CB7A20-6B7D-42A7-BCAD-F09DA69F7687}.Debug|Any CPU.ActiveCfg = Debug|Any CPU
		{A1CB7A20-6B7D-42A7-BCAD-F09DA69F7687}.Debug|Any CPU.Build.0 = Debug|Any CPU
		{A1CB7A20-6B7D-42A7-BCAD-F09DA69F7687}.Release|Any CPU.ActiveCfg = Release|Any CPU
		{A1CB7A20-6B7D-42A7-BCAD-F09DA69F7687}.Release|Any CPU.Build.0 = Release|Any CPU
	EndGlobalSection
	GlobalSection(SolutionProperties) = preSolution
		HideSolutionNode = FALSE
	EndGlobalSection
	GlobalSection(ExtensibilityGlobals) = postSolution
		SolutionGuid = {99C1982B-DEF9-4A3B-AECF-BBF0F4938B4F}
	EndGlobalSection
EndGlobal
