
Microsoft Visual Studio Solution File, Format Version 12.00
# Visual Studio Version 16
VisualStudioVersion = 16.0.30011.22
MinimumVisualStudioVersion = 10.0.40219.1
Project("{FAE04EC0-301F-11D3-BF4B-00C04F79EFBC}") = "Lectie10", "Lectie10\Lectie10.csproj", "{F3FD783B-6E08-4720-AA98-C70046941708}"
EndProject
Global
	GlobalSection(SolutionConfigurationPlatforms) = preSolution
		Debug|Any CPU = Debug|Any CPU
		Release|Any CPU = Release|Any CPU
	EndGlobalSection
	GlobalSection(ProjectConfigurationPlatforms) = postSolution
		{F3FD783B-6E08-4720-AA98-C70046941708}.Debug|Any CPU.ActiveCfg = Debug|Any CPU
		{F3FD783B-6E08-4720-AA98-C70046941708}.Debug|Any CPU.Build.0 = Debug|Any CPU
		{F3FD783B-6E08-4720-AA98-C70046941708}.Release|Any CPU.ActiveCfg = Release|Any CPU
		{F3FD783B-6E08-4720-AA98-C70046941708}.Release|Any CPU.Build.0 = Release|Any CPU
	EndGlobalSection
	GlobalSection(SolutionProperties) = preSolution
		HideSolutionNode = FALSE
	EndGlobalSection
	GlobalSection(ExtensibilityGlobals) = postSolution
		SolutionGuid = {D10F6D32-710C-48B9-B495-DB8FEE78A505}
	EndGlobalSection
EndGlobal
