
Microsoft Visual Studio Solution File, Format Version 12.00
# Visual Studio Version 16
VisualStudioVersion = 16.0.30320.27
MinimumVisualStudioVersion = 10.0.40219.1
Project("{FAE04EC0-301F-11D3-BF4B-00C04F79EFBC}") = "Euler32", "Euler32\Euler32.csproj", "{C8F0D6E2-111E-41CB-AF92-0729037BD9AF}"
EndProject
Global
	GlobalSection(SolutionConfigurationPlatforms) = preSolution
		Debug|Any CPU = Debug|Any CPU
		Release|Any CPU = Release|Any CPU
	EndGlobalSection
	GlobalSection(ProjectConfigurationPlatforms) = postSolution
		{C8F0D6E2-111E-41CB-AF92-0729037BD9AF}.Debug|Any CPU.ActiveCfg = Debug|Any CPU
		{C8F0D6E2-111E-41CB-AF92-0729037BD9AF}.Debug|Any CPU.Build.0 = Debug|Any CPU
		{C8F0D6E2-111E-41CB-AF92-0729037BD9AF}.Release|Any CPU.ActiveCfg = Release|Any CPU
		{C8F0D6E2-111E-41CB-AF92-0729037BD9AF}.Release|Any CPU.Build.0 = Release|Any CPU
	EndGlobalSection
	GlobalSection(SolutionProperties) = preSolution
		HideSolutionNode = FALSE
	EndGlobalSection
	GlobalSection(ExtensibilityGlobals) = postSolution
		SolutionGuid = {C0D09284-FA14-4A84-962D-F85A402FB8EA}
	EndGlobalSection
EndGlobal
