
Microsoft Visual Studio Solution File, Format Version 12.00
# Visual Studio Version 16
VisualStudioVersion = 16.0.30320.27
MinimumVisualStudioVersion = 10.0.40219.1
Project("{FAE04EC0-301F-11D3-BF4B-00C04F79EFBC}") = "Euler38", "Euler38\Euler38.csproj", "{521D47CB-DFAB-4CF8-B00A-F75B48F81869}"
EndProject
Global
	GlobalSection(SolutionConfigurationPlatforms) = preSolution
		Debug|Any CPU = Debug|Any CPU
		Release|Any CPU = Release|Any CPU
	EndGlobalSection
	GlobalSection(ProjectConfigurationPlatforms) = postSolution
		{521D47CB-DFAB-4CF8-B00A-F75B48F81869}.Debug|Any CPU.ActiveCfg = Debug|Any CPU
		{521D47CB-DFAB-4CF8-B00A-F75B48F81869}.Debug|Any CPU.Build.0 = Debug|Any CPU
		{521D47CB-DFAB-4CF8-B00A-F75B48F81869}.Release|Any CPU.ActiveCfg = Release|Any CPU
		{521D47CB-DFAB-4CF8-B00A-F75B48F81869}.Release|Any CPU.Build.0 = Release|Any CPU
	EndGlobalSection
	GlobalSection(SolutionProperties) = preSolution
		HideSolutionNode = FALSE
	EndGlobalSection
	GlobalSection(ExtensibilityGlobals) = postSolution
		SolutionGuid = {A6F738F1-3F1F-4ECC-8F11-194A20BD3770}
	EndGlobalSection
EndGlobal
