
Microsoft Visual Studio Solution File, Format Version 12.00
# Visual Studio Version 16
VisualStudioVersion = 16.0.30011.22
MinimumVisualStudioVersion = 10.0.40219.1
Project("{FAE04EC0-301F-11D3-BF4B-00C04F79EFBC}") = "exemplu_Singleton", "exemplu_Singleton\exemplu_Singleton.csproj", "{1CFCD765-1D7B-4465-9D41-4CE7D4437616}"
EndProject
Global
	GlobalSection(SolutionConfigurationPlatforms) = preSolution
		Debug|Any CPU = Debug|Any CPU
		Release|Any CPU = Release|Any CPU
	EndGlobalSection
	GlobalSection(ProjectConfigurationPlatforms) = postSolution
		{1CFCD765-1D7B-4465-9D41-4CE7D4437616}.Debug|Any CPU.ActiveCfg = Debug|Any CPU
		{1CFCD765-1D7B-4465-9D41-4CE7D4437616}.Debug|Any CPU.Build.0 = Debug|Any CPU
		{1CFCD765-1D7B-4465-9D41-4CE7D4437616}.Release|Any CPU.ActiveCfg = Release|Any CPU
		{1CFCD765-1D7B-4465-9D41-4CE7D4437616}.Release|Any CPU.Build.0 = Release|Any CPU
	EndGlobalSection
	GlobalSection(SolutionProperties) = preSolution
		HideSolutionNode = FALSE
	EndGlobalSection
	GlobalSection(ExtensibilityGlobals) = postSolution
		SolutionGuid = {0B04B095-2C7F-470E-BFD1-7119F11A6AB1}
	EndGlobalSection
EndGlobal
