
Microsoft Visual Studio Solution File, Format Version 12.00
# Visual Studio Version 16
VisualStudioVersion = 16.0.30320.27
MinimumVisualStudioVersion = 10.0.40219.1
Project("{FAE04EC0-301F-11D3-BF4B-00C04F79EFBC}") = "Euler29", "Euler29\Euler29.csproj", "{A52E2623-5761-42A5-AB59-C1DAC5E7133B}"
EndProject
Global
	GlobalSection(SolutionConfigurationPlatforms) = preSolution
		Debug|Any CPU = Debug|Any CPU
		Release|Any CPU = Release|Any CPU
	EndGlobalSection
	GlobalSection(ProjectConfigurationPlatforms) = postSolution
		{A52E2623-5761-42A5-AB59-C1DAC5E7133B}.Debug|Any CPU.ActiveCfg = Debug|Any CPU
		{A52E2623-5761-42A5-AB59-C1DAC5E7133B}.Debug|Any CPU.Build.0 = Debug|Any CPU
		{A52E2623-5761-42A5-AB59-C1DAC5E7133B}.Release|Any CPU.ActiveCfg = Release|Any CPU
		{A52E2623-5761-42A5-AB59-C1DAC5E7133B}.Release|Any CPU.Build.0 = Release|Any CPU
	EndGlobalSection
	GlobalSection(SolutionProperties) = preSolution
		HideSolutionNode = FALSE
	EndGlobalSection
	GlobalSection(ExtensibilityGlobals) = postSolution
		SolutionGuid = {C09925CB-76D2-451B-BEBC-A62672D4294E}
	EndGlobalSection
EndGlobal
