
Microsoft Visual Studio Solution File, Format Version 12.00
# Visual Studio Version 16
VisualStudioVersion = 16.0.30011.22
MinimumVisualStudioVersion = 10.0.40219.1
Project("{FAE04EC0-301F-11D3-BF4B-00C04F79EFBC}") = "Exemplu2_cu_this", "Exemplu2_cu_this\Exemplu2_cu_this.csproj", "{8030B944-582C-48C5-98D4-68BF5D072E71}"
EndProject
Global
	GlobalSection(SolutionConfigurationPlatforms) = preSolution
		Debug|Any CPU = Debug|Any CPU
		Release|Any CPU = Release|Any CPU
	EndGlobalSection
	GlobalSection(ProjectConfigurationPlatforms) = postSolution
		{8030B944-582C-48C5-98D4-68BF5D072E71}.Debug|Any CPU.ActiveCfg = Debug|Any CPU
		{8030B944-582C-48C5-98D4-68BF5D072E71}.Debug|Any CPU.Build.0 = Debug|Any CPU
		{8030B944-582C-48C5-98D4-68BF5D072E71}.Release|Any CPU.ActiveCfg = Release|Any CPU
		{8030B944-582C-48C5-98D4-68BF5D072E71}.Release|Any CPU.Build.0 = Release|Any CPU
	EndGlobalSection
	GlobalSection(SolutionProperties) = preSolution
		HideSolutionNode = FALSE
	EndGlobalSection
	GlobalSection(ExtensibilityGlobals) = postSolution
		SolutionGuid = {245B579D-2D3B-414B-B20F-938826C807DC}
	EndGlobalSection
EndGlobal
