
Microsoft Visual Studio Solution File, Format Version 12.00
# Visual Studio Version 16
VisualStudioVersion = 16.0.30011.22
MinimumVisualStudioVersion = 10.0.40219.1
Project("{FAE04EC0-301F-11D3-BF4B-00C04F79EFBC}") = "ref_exemplu", "ref_exemplu\ref_exemplu.csproj", "{872C978A-C167-4538-881C-80784D468F1E}"
EndProject
Global
	GlobalSection(SolutionConfigurationPlatforms) = preSolution
		Debug|Any CPU = Debug|Any CPU
		Release|Any CPU = Release|Any CPU
	EndGlobalSection
	GlobalSection(ProjectConfigurationPlatforms) = postSolution
		{872C978A-C167-4538-881C-80784D468F1E}.Debug|Any CPU.ActiveCfg = Debug|Any CPU
		{872C978A-C167-4538-881C-80784D468F1E}.Debug|Any CPU.Build.0 = Debug|Any CPU
		{872C978A-C167-4538-881C-80784D468F1E}.Release|Any CPU.ActiveCfg = Release|Any CPU
		{872C978A-C167-4538-881C-80784D468F1E}.Release|Any CPU.Build.0 = Release|Any CPU
	EndGlobalSection
	GlobalSection(SolutionProperties) = preSolution
		HideSolutionNode = FALSE
	EndGlobalSection
	GlobalSection(ExtensibilityGlobals) = postSolution
		SolutionGuid = {7DB86AB4-AEC3-4323-88E7-97B4EFAAC1F7}
	EndGlobalSection
EndGlobal
