
Microsoft Visual Studio Solution File, Format Version 12.00
# Visual Studio Version 16
VisualStudioVersion = 16.0.30320.27
MinimumVisualStudioVersion = 10.0.40219.1
Project("{FAE04EC0-301F-11D3-BF4B-00C04F79EFBC}") = "Euler43", "Euler43\Euler43.csproj", "{DBD58A0F-C2AF-4FC3-AF58-66BB1F9C5F64}"
EndProject
Global
	GlobalSection(SolutionConfigurationPlatforms) = preSolution
		Debug|Any CPU = Debug|Any CPU
		Release|Any CPU = Release|Any CPU
	EndGlobalSection
	GlobalSection(ProjectConfigurationPlatforms) = postSolution
		{DBD58A0F-C2AF-4FC3-AF58-66BB1F9C5F64}.Debug|Any CPU.ActiveCfg = Debug|Any CPU
		{DBD58A0F-C2AF-4FC3-AF58-66BB1F9C5F64}.Debug|Any CPU.Build.0 = Debug|Any CPU
		{DBD58A0F-C2AF-4FC3-AF58-66BB1F9C5F64}.Release|Any CPU.ActiveCfg = Release|Any CPU
		{DBD58A0F-C2AF-4FC3-AF58-66BB1F9C5F64}.Release|Any CPU.Build.0 = Release|Any CPU
	EndGlobalSection
	GlobalSection(SolutionProperties) = preSolution
		HideSolutionNode = FALSE
	EndGlobalSection
	GlobalSection(ExtensibilityGlobals) = postSolution
		SolutionGuid = {F4F50A9F-6F38-45A9-8735-16E08CF2C4D6}
	EndGlobalSection
EndGlobal
