
Microsoft Visual Studio Solution File, Format Version 12.00
# Visual Studio Version 16
VisualStudioVersion = 16.0.30011.22
MinimumVisualStudioVersion = 10.0.40219.1
Project("{FAE04EC0-301F-11D3-BF4B-00C04F79EFBC}") = "Project1", "Project1\Project1.csproj", "{1DB97746-F6A8-40FB-98D6-BBFA4D195C17}"
EndProject
Global
	GlobalSection(SolutionConfigurationPlatforms) = preSolution
		Debug|Any CPU = Debug|Any CPU
		Release|Any CPU = Release|Any CPU
	EndGlobalSection
	GlobalSection(ProjectConfigurationPlatforms) = postSolution
		{1DB97746-F6A8-40FB-98D6-BBFA4D195C17}.Debug|Any CPU.ActiveCfg = Debug|Any CPU
		{1DB97746-F6A8-40FB-98D6-BBFA4D195C17}.Debug|Any CPU.Build.0 = Debug|Any CPU
		{1DB97746-F6A8-40FB-98D6-BBFA4D195C17}.Release|Any CPU.ActiveCfg = Release|Any CPU
		{1DB97746-F6A8-40FB-98D6-BBFA4D195C17}.Release|Any CPU.Build.0 = Release|Any CPU
	EndGlobalSection
	GlobalSection(SolutionProperties) = preSolution
		HideSolutionNode = FALSE
	EndGlobalSection
	GlobalSection(ExtensibilityGlobals) = postSolution
		SolutionGuid = {2F04ACA3-04C2-4B32-9F15-F6A7572E1D48}
	EndGlobalSection
EndGlobal
