
Microsoft Visual Studio Solution File, Format Version 12.00
# Visual Studio Version 16
VisualStudioVersion = 16.0.30011.22
MinimumVisualStudioVersion = 10.0.40219.1
Project("{FAE04EC0-301F-11D3-BF4B-00C04F79EFBC}") = "Lectie7", "Lectie7\Lectie7.csproj", "{A8ECB9C1-09F6-4715-BE53-FC661F93E8E3}"
EndProject
Global
	GlobalSection(SolutionConfigurationPlatforms) = preSolution
		Debug|Any CPU = Debug|Any CPU
		Release|Any CPU = Release|Any CPU
	EndGlobalSection
	GlobalSection(ProjectConfigurationPlatforms) = postSolution
		{A8ECB9C1-09F6-4715-BE53-FC661F93E8E3}.Debug|Any CPU.ActiveCfg = Debug|Any CPU
		{A8ECB9C1-09F6-4715-BE53-FC661F93E8E3}.Debug|Any CPU.Build.0 = Debug|Any CPU
		{A8ECB9C1-09F6-4715-BE53-FC661F93E8E3}.Release|Any CPU.ActiveCfg = Release|Any CPU
		{A8ECB9C1-09F6-4715-BE53-FC661F93E8E3}.Release|Any CPU.Build.0 = Release|Any CPU
	EndGlobalSection
	GlobalSection(SolutionProperties) = preSolution
		HideSolutionNode = FALSE
	EndGlobalSection
	GlobalSection(ExtensibilityGlobals) = postSolution
		SolutionGuid = {886C3B27-EBBA-4A79-B9C9-873C7BB249FC}
	EndGlobalSection
EndGlobal
