
Microsoft Visual Studio Solution File, Format Version 12.00
# Visual Studio Version 16
VisualStudioVersion = 16.0.30320.27
MinimumVisualStudioVersion = 10.0.40219.1
Project("{FAE04EC0-301F-11D3-BF4B-00C04F79EFBC}") = "Euler37", "Euler37\Euler37.csproj", "{A68FF46B-36EF-40E8-9F5B-50663D9AAE04}"
EndProject
Global
	GlobalSection(SolutionConfigurationPlatforms) = preSolution
		Debug|Any CPU = Debug|Any CPU
		Release|Any CPU = Release|Any CPU
	EndGlobalSection
	GlobalSection(ProjectConfigurationPlatforms) = postSolution
		{A68FF46B-36EF-40E8-9F5B-50663D9AAE04}.Debug|Any CPU.ActiveCfg = Debug|Any CPU
		{A68FF46B-36EF-40E8-9F5B-50663D9AAE04}.Debug|Any CPU.Build.0 = Debug|Any CPU
		{A68FF46B-36EF-40E8-9F5B-50663D9AAE04}.Release|Any CPU.ActiveCfg = Release|Any CPU
		{A68FF46B-36EF-40E8-9F5B-50663D9AAE04}.Release|Any CPU.Build.0 = Release|Any CPU
	EndGlobalSection
	GlobalSection(SolutionProperties) = preSolution
		HideSolutionNode = FALSE
	EndGlobalSection
	GlobalSection(ExtensibilityGlobals) = postSolution
		SolutionGuid = {79F8CBF2-6B1E-40BF-8F83-DC9669F419DA}
	EndGlobalSection
EndGlobal
