
Microsoft Visual Studio Solution File, Format Version 12.00
# Visual Studio Version 16
VisualStudioVersion = 16.0.30320.27
MinimumVisualStudioVersion = 10.0.40219.1
Project("{FAE04EC0-301F-11D3-BF4B-00C04F79EFBC}") = "Euler42", "Euler42\Euler42.csproj", "{07125409-5067-49EA-A790-748E5E4B817B}"
EndProject
Global
	GlobalSection(SolutionConfigurationPlatforms) = preSolution
		Debug|Any CPU = Debug|Any CPU
		Release|Any CPU = Release|Any CPU
	EndGlobalSection
	GlobalSection(ProjectConfigurationPlatforms) = postSolution
		{07125409-5067-49EA-A790-748E5E4B817B}.Debug|Any CPU.ActiveCfg = Debug|Any CPU
		{07125409-5067-49EA-A790-748E5E4B817B}.Debug|Any CPU.Build.0 = Debug|Any CPU
		{07125409-5067-49EA-A790-748E5E4B817B}.Release|Any CPU.ActiveCfg = Release|Any CPU
		{07125409-5067-49EA-A790-748E5E4B817B}.Release|Any CPU.Build.0 = Release|Any CPU
	EndGlobalSection
	GlobalSection(SolutionProperties) = preSolution
		HideSolutionNode = FALSE
	EndGlobalSection
	GlobalSection(ExtensibilityGlobals) = postSolution
		SolutionGuid = {01266015-4BCB-4AD4-96B0-8E54AC3FE110}
	EndGlobalSection
EndGlobal
