
Microsoft Visual Studio Solution File, Format Version 12.00
# Visual Studio Version 16
VisualStudioVersion = 16.0.30011.22
MinimumVisualStudioVersion = 10.0.40219.1
Project("{FAE04EC0-301F-11D3-BF4B-00C04F79EFBC}") = "Lectie9", "Lectie9\Lectie9.csproj", "{FADE17F0-D80F-4130-B90A-745EFD4F40B7}"
EndProject
Global
	GlobalSection(SolutionConfigurationPlatforms) = preSolution
		Debug|Any CPU = Debug|Any CPU
		Release|Any CPU = Release|Any CPU
	EndGlobalSection
	GlobalSection(ProjectConfigurationPlatforms) = postSolution
		{FADE17F0-D80F-4130-B90A-745EFD4F40B7}.Debug|Any CPU.ActiveCfg = Debug|Any CPU
		{FADE17F0-D80F-4130-B90A-745EFD4F40B7}.Debug|Any CPU.Build.0 = Debug|Any CPU
		{FADE17F0-D80F-4130-B90A-745EFD4F40B7}.Release|Any CPU.ActiveCfg = Release|Any CPU
		{FADE17F0-D80F-4130-B90A-745EFD4F40B7}.Release|Any CPU.Build.0 = Release|Any CPU
	EndGlobalSection
	GlobalSection(SolutionProperties) = preSolution
		HideSolutionNode = FALSE
	EndGlobalSection
	GlobalSection(ExtensibilityGlobals) = postSolution
		SolutionGuid = {0E1C97C0-AFC0-4198-B3CF-A200B57E884D}
	EndGlobalSection
EndGlobal
