
Microsoft Visual Studio Solution File, Format Version 12.00
# Visual Studio Version 16
VisualStudioVersion = 16.0.30011.22
MinimumVisualStudioVersion = 10.0.40219.1
Project("{FAE04EC0-301F-11D3-BF4B-00C04F79EFBC}") = "lectie5_5_18_20_ex2", "lectie5_5_18_20_ex2\lectie5_5_18_20_ex2.csproj", "{8A6F568F-9673-421C-A2C1-F151CDD17968}"
EndProject
Global
	GlobalSection(SolutionConfigurationPlatforms) = preSolution
		Debug|Any CPU = Debug|Any CPU
		Release|Any CPU = Release|Any CPU
	EndGlobalSection
	GlobalSection(ProjectConfigurationPlatforms) = postSolution
		{8A6F568F-9673-421C-A2C1-F151CDD17968}.Debug|Any CPU.ActiveCfg = Debug|Any CPU
		{8A6F568F-9673-421C-A2C1-F151CDD17968}.Debug|Any CPU.Build.0 = Debug|Any CPU
		{8A6F568F-9673-421C-A2C1-F151CDD17968}.Release|Any CPU.ActiveCfg = Release|Any CPU
		{8A6F568F-9673-421C-A2C1-F151CDD17968}.Release|Any CPU.Build.0 = Release|Any CPU
	EndGlobalSection
	GlobalSection(SolutionProperties) = preSolution
		HideSolutionNode = FALSE
	EndGlobalSection
	GlobalSection(ExtensibilityGlobals) = postSolution
		SolutionGuid = {F2354FFC-DDAF-4303-96DA-F8EF9EBA123F}
	EndGlobalSection
EndGlobal
