
Microsoft Visual Studio Solution File, Format Version 12.00
# Visual Studio Version 16
VisualStudioVersion = 16.0.30011.22
MinimumVisualStudioVersion = 10.0.40219.1
Project("{FAE04EC0-301F-11D3-BF4B-00C04F79EFBC}") = "lectie_v2_5_11_20", "lectie_v2_5_11_20\lectie_v2_5_11_20.csproj", "{4AC3A160-573B-4FB2-AED2-8626072E1D24}"
EndProject
Global
	GlobalSection(SolutionConfigurationPlatforms) = preSolution
		Debug|Any CPU = Debug|Any CPU
		Release|Any CPU = Release|Any CPU
	EndGlobalSection
	GlobalSection(ProjectConfigurationPlatforms) = postSolution
		{4AC3A160-573B-4FB2-AED2-8626072E1D24}.Debug|Any CPU.ActiveCfg = Debug|Any CPU
		{4AC3A160-573B-4FB2-AED2-8626072E1D24}.Debug|Any CPU.Build.0 = Debug|Any CPU
		{4AC3A160-573B-4FB2-AED2-8626072E1D24}.Release|Any CPU.ActiveCfg = Release|Any CPU
		{4AC3A160-573B-4FB2-AED2-8626072E1D24}.Release|Any CPU.Build.0 = Release|Any CPU
	EndGlobalSection
	GlobalSection(SolutionProperties) = preSolution
		HideSolutionNode = FALSE
	EndGlobalSection
	GlobalSection(ExtensibilityGlobals) = postSolution
		SolutionGuid = {F999BF02-6F49-4F5C-A7CA-14A022E03DA1}
	EndGlobalSection
EndGlobal
